
Microsoft Visual Studio Solution File, Format Version 12.00
# Visual Studio 15
VisualStudioVersion = 15.0.28307.329
MinimumVisualStudioVersion = 10.0.40219.1
Project("{8BC9CEB8-8B4A-11D0-8D11-00A0C91BC942}") = "7", "7\7.vcxproj", "{7F924040-D23B-4AEF-B8E0-E5A1C962F59C}"
EndProject
Global
	GlobalSection(SolutionConfigurationPlatforms) = preSolution
		Debug|x64 = Debug|x64
		Debug|x86 = Debug|x86
		Release|x64 = Release|x64
		Release|x86 = Release|x86
	EndGlobalSection
	GlobalSection(ProjectConfigurationPlatforms) = postSolution
		{7F924040-D23B-4AEF-B8E0-E5A1C962F59C}.Debug|x64.ActiveCfg = Debug|x64
		{7F924040-D23B-4AEF-B8E0-E5A1C962F59C}.Debug|x64.Build.0 = Debug|x64
		{7F924040-D23B-4AEF-B8E0-E5A1C962F59C}.Debug|x86.ActiveCfg = Debug|Win32
		{7F924040-D23B-4AEF-B8E0-E5A1C962F59C}.Debug|x86.Build.0 = Debug|Win32
		{7F924040-D23B-4AEF-B8E0-E5A1C962F59C}.Release|x64.ActiveCfg = Release|x64
		{7F924040-D23B-4AEF-B8E0-E5A1C962F59C}.Release|x64.Build.0 = Release|x64
		{7F924040-D23B-4AEF-B8E0-E5A1C962F59C}.Release|x86.ActiveCfg = Release|Win32
		{7F924040-D23B-4AEF-B8E0-E5A1C962F59C}.Release|x86.Build.0 = Release|Win32
	EndGlobalSection
	GlobalSection(SolutionProperties) = preSolution
		HideSolutionNode = FALSE
	EndGlobalSection
	GlobalSection(ExtensibilityGlobals) = postSolution
		SolutionGuid = {DB16AC8F-E116-48EC-ACBA-32BFF6570D14}
	EndGlobalSection
EndGlobal
