
Microsoft Visual Studio Solution File, Format Version 12.00
# Visual Studio 15
VisualStudioVersion = 15.0.28307.329
MinimumVisualStudioVersion = 10.0.40219.1
Project("{8BC9CEB8-8B4A-11D0-8D11-00A0C91BC942}") = "AVL tree implementation", "AVL tree implementation\AVL tree implementation.vcxproj", "{FA83C51D-A8FB-48B7-A838-2A9584AD7DEB}"
EndProject
Global
	GlobalSection(SolutionConfigurationPlatforms) = preSolution
		Debug|x64 = Debug|x64
		Debug|x86 = Debug|x86
		Release|x64 = Release|x64
		Release|x86 = Release|x86
	EndGlobalSection
	GlobalSection(ProjectConfigurationPlatforms) = postSolution
		{FA83C51D-A8FB-48B7-A838-2A9584AD7DEB}.Debug|x64.ActiveCfg = Debug|x64
		{FA83C51D-A8FB-48B7-A838-2A9584AD7DEB}.Debug|x64.Build.0 = Debug|x64
		{FA83C51D-A8FB-48B7-A838-2A9584AD7DEB}.Debug|x86.ActiveCfg = Debug|Win32
		{FA83C51D-A8FB-48B7-A838-2A9584AD7DEB}.Debug|x86.Build.0 = Debug|Win32
		{FA83C51D-A8FB-48B7-A838-2A9584AD7DEB}.Release|x64.ActiveCfg = Release|x64
		{FA83C51D-A8FB-48B7-A838-2A9584AD7DEB}.Release|x64.Build.0 = Release|x64
		{FA83C51D-A8FB-48B7-A838-2A9584AD7DEB}.Release|x86.ActiveCfg = Release|Win32
		{FA83C51D-A8FB-48B7-A838-2A9584AD7DEB}.Release|x86.Build.0 = Release|Win32
	EndGlobalSection
	GlobalSection(SolutionProperties) = preSolution
		HideSolutionNode = FALSE
	EndGlobalSection
	GlobalSection(ExtensibilityGlobals) = postSolution
		SolutionGuid = {D6254CB7-D380-4C28-A346-5684173745A3}
	EndGlobalSection
EndGlobal
